// !$*UTF8*$!
{
	archiveVersion = 1;
	classes = {
	};
	objectVersion = 46;
	objects = {

/* Begin PBXBuildFile section */
		1E28E8DD1F02F726009C7DED /* AppDelegate.swift in Sources */ = {isa = PBXBuildFile; fileRef = 1E28E8DC1F02F726009C7DED /* AppDelegate.swift */; };
		1E28E8E21F02F726009C7DED /* Main.storyboard in Resources */ = {isa = PBXBuildFile; fileRef = 1E28E8E01F02F726009C7DED /* Main.storyboard */; };
		1E28E8E41F02F726009C7DED /* Assets.xcassets in Resources */ = {isa = PBXBuildFile; fileRef = 1E28E8E31F02F726009C7DED /* Assets.xcassets */; };
		1E28E8E71F02F726009C7DED /* LaunchScreen.storyboard in Resources */ = {isa = PBXBuildFile; fileRef = 1E28E8E51F02F726009C7DED /* LaunchScreen.storyboard */; };
		1E28E8F21F02F726009C7DED /* instagramTests.swift in Sources */ = {isa = PBXBuildFile; fileRef = 1E28E8F11F02F726009C7DED /* instagramTests.swift */; };
		1E28E8FD1F02F726009C7DED /* instagramUITests.swift in Sources */ = {isa = PBXBuildFile; fileRef = 1E28E8FC1F02F726009C7DED /* instagramUITests.swift */; };
		1E28E90B1F030073009C7DED /* LoginViewController.swift in Sources */ = {isa = PBXBuildFile; fileRef = 1E28E90A1F030073009C7DED /* LoginViewController.swift */; };
		1E28E90F1F03155C009C7DED /* FeedViewController.swift in Sources */ = {isa = PBXBuildFile; fileRef = 1E28E90E1F03155C009C7DED /* FeedViewController.swift */; };
		1E28E9111F0317CA009C7DED /* PhotoMapViewController.swift in Sources */ = {isa = PBXBuildFile; fileRef = 1E28E9101F0317CA009C7DED /* PhotoMapViewController.swift */; };
		1E28E9131F03219A009C7DED /* Post.swift in Sources */ = {isa = PBXBuildFile; fileRef = 1E28E9121F03219A009C7DED /* Post.swift */; };
		1E28E9151F032A88009C7DED /* ComposeViewController.swift in Sources */ = {isa = PBXBuildFile; fileRef = 1E28E9141F032A88009C7DED /* ComposeViewController.swift */; };
		1E28E9171F044A84009C7DED /* ProfileViewController.swift in Sources */ = {isa = PBXBuildFile; fileRef = 1E28E9161F044A84009C7DED /* ProfileViewController.swift */; };
		1E28E91B1F045337009C7DED /* PostCell.swift in Sources */ = {isa = PBXBuildFile; fileRef = 1E28E91A1F045337009C7DED /* PostCell.swift */; };
		1E4855BE1F05A5CD0053D947 /* DetailViewController.swift in Sources */ = {isa = PBXBuildFile; fileRef = 1E4855BD1F05A5CD0053D947 /* DetailViewController.swift */; };
		D2149F4F016D124345489C98 /* Pods_instagram.framework in Frameworks */ = {isa = PBXBuildFile; fileRef = 77A0A0E9760429B5B43DFA32 /* Pods_instagram.framework */; };
		D718EF54E2E85BAF42C6E030 /* Pods_instagramTests.framework in Frameworks */ = {isa = PBXBuildFile; fileRef = B6E9925AA27A51BC77B0019F /* Pods_instagramTests.framework */; };
		DEE63696A3D073220009FEA5 /* Pods_instagramUITests.framework in Frameworks */ = {isa = PBXBuildFile; fileRef = 8523811FBC49F7399B1076B9 /* Pods_instagramUITests.framework */; };
/* End PBXBuildFile section */

/* Begin PBXContainerItemProxy section */
		1E28E8EE1F02F726009C7DED /* PBXContainerItemProxy */ = {
			isa = PBXContainerItemProxy;
			containerPortal = 1E28E8D11F02F726009C7DED /* Project object */;
			proxyType = 1;
			remoteGlobalIDString = 1E28E8D81F02F726009C7DED;
			remoteInfo = instagram;
		};
		1E28E8F91F02F726009C7DED /* PBXContainerItemProxy */ = {
			isa = PBXContainerItemProxy;
			containerPortal = 1E28E8D11F02F726009C7DED /* Project object */;
			proxyType = 1;
			remoteGlobalIDString = 1E28E8D81F02F726009C7DED;
			remoteInfo = instagram;
		};
/* End PBXContainerItemProxy section */

/* Begin PBXFileReference section */
		1E28E8D91F02F726009C7DED /* instagram.app */ = {isa = PBXFileReference; explicitFileType = wrapper.application; includeInIndex = 0; path = instagram.app; sourceTree = BUILT_PRODUCTS_DIR; };
		1E28E8DC1F02F726009C7DED /* AppDelegate.swift */ = {isa = PBXFileReference; lastKnownFileType = sourcecode.swift; path = AppDelegate.swift; sourceTree = "<group>"; };
		1E28E8E11F02F726009C7DED /* Base */ = {isa = PBXFileReference; lastKnownFileType = file.storyboard; name = Base; path = Base.lproj/Main.storyboard; sourceTree = "<group>"; };
		1E28E8E31F02F726009C7DED /* Assets.xcassets */ = {isa = PBXFileReference; lastKnownFileType = folder.assetcatalog; path = Assets.xcassets; sourceTree = "<group>"; };
		1E28E8E61F02F726009C7DED /* Base */ = {isa = PBXFileReference; lastKnownFileType = file.storyboard; name = Base; path = Base.lproj/LaunchScreen.storyboard; sourceTree = "<group>"; };
		1E28E8E81F02F726009C7DED /* Info.plist */ = {isa = PBXFileReference; lastKnownFileType = text.plist.xml; path = Info.plist; sourceTree = "<group>"; };
		1E28E8ED1F02F726009C7DED /* instagramTests.xctest */ = {isa = PBXFileReference; explicitFileType = wrapper.cfbundle; includeInIndex = 0; path = instagramTests.xctest; sourceTree = BUILT_PRODUCTS_DIR; };
		1E28E8F11F02F726009C7DED /* instagramTests.swift */ = {isa = PBXFileReference; lastKnownFileType = sourcecode.swift; path = instagramTests.swift; sourceTree = "<group>"; };
		1E28E8F31F02F726009C7DED /* Info.plist */ = {isa = PBXFileReference; lastKnownFileType = text.plist.xml; path = Info.plist; sourceTree = "<group>"; };
		1E28E8F81F02F726009C7DED /* instagramUITests.xctest */ = {isa = PBXFileReference; explicitFileType = wrapper.cfbundle; includeInIndex = 0; path = instagramUITests.xctest; sourceTree = BUILT_PRODUCTS_DIR; };
		1E28E8FC1F02F726009C7DED /* instagramUITests.swift */ = {isa = PBXFileReference; lastKnownFileType = sourcecode.swift; path = instagramUITests.swift; sourceTree = "<group>"; };
		1E28E8FE1F02F726009C7DED /* Info.plist */ = {isa = PBXFileReference; lastKnownFileType = text.plist.xml; path = Info.plist; sourceTree = "<group>"; };
		1E28E90A1F030073009C7DED /* LoginViewController.swift */ = {isa = PBXFileReference; fileEncoding = 4; lastKnownFileType = sourcecode.swift; path = LoginViewController.swift; sourceTree = "<group>"; };
		1E28E90E1F03155C009C7DED /* FeedViewController.swift */ = {isa = PBXFileReference; fileEncoding = 4; lastKnownFileType = sourcecode.swift; path = FeedViewController.swift; sourceTree = "<group>"; };
		1E28E9101F0317CA009C7DED /* PhotoMapViewController.swift */ = {isa = PBXFileReference; fileEncoding = 4; lastKnownFileType = sourcecode.swift; path = PhotoMapViewController.swift; sourceTree = "<group>"; };
		1E28E9121F03219A009C7DED /* Post.swift */ = {isa = PBXFileReference; fileEncoding = 4; lastKnownFileType = sourcecode.swift; path = Post.swift; sourceTree = "<group>"; };
		1E28E9141F032A88009C7DED /* ComposeViewController.swift */ = {isa = PBXFileReference; fileEncoding = 4; lastKnownFileType = sourcecode.swift; path = ComposeViewController.swift; sourceTree = "<group>"; };
		1E28E9161F044A84009C7DED /* ProfileViewController.swift */ = {isa = PBXFileReference; fileEncoding = 4; lastKnownFileType = sourcecode.swift; path = ProfileViewController.swift; sourceTree = "<group>"; };
		1E28E91A1F045337009C7DED /* PostCell.swift */ = {isa = PBXFileReference; fileEncoding = 4; lastKnownFileType = sourcecode.swift; path = PostCell.swift; sourceTree = "<group>"; };
		1E4855BD1F05A5CD0053D947 /* DetailViewController.swift */ = {isa = PBXFileReference; fileEncoding = 4; lastKnownFileType = sourcecode.swift; path = DetailViewController.swift; sourceTree = "<group>"; };
		1EC096DF04F7A117B292DB9D /* Pods-instagramUITests.release.xcconfig */ = {isa = PBXFileReference; includeInIndex = 1; lastKnownFileType = text.xcconfig; name = "Pods-instagramUITests.release.xcconfig"; path = "Pods/Target Support Files/Pods-instagramUITests/Pods-instagramUITests.release.xcconfig"; sourceTree = "<group>"; };
		4E73B43827163CEAACC5EB96 /* Pods-instagramTests.release.xcconfig */ = {isa = PBXFileReference; includeInIndex = 1; lastKnownFileType = text.xcconfig; name = "Pods-instagramTests.release.xcconfig"; path = "Pods/Target Support Files/Pods-instagramTests/Pods-instagramTests.release.xcconfig"; sourceTree = "<group>"; };
		77A0A0E9760429B5B43DFA32 /* Pods_instagram.framework */ = {isa = PBXFileReference; explicitFileType = wrapper.framework; includeInIndex = 0; path = Pods_instagram.framework; sourceTree = BUILT_PRODUCTS_DIR; };
		80834AFD9F46205ECC99CA35 /* Pods-instagram.debug.xcconfig */ = {isa = PBXFileReference; includeInIndex = 1; lastKnownFileType = text.xcconfig; name = "Pods-instagram.debug.xcconfig"; path = "Pods/Target Support Files/Pods-instagram/Pods-instagram.debug.xcconfig"; sourceTree = "<group>"; };
		8523811FBC49F7399B1076B9 /* Pods_instagramUITests.framework */ = {isa = PBXFileReference; explicitFileType = wrapper.framework; includeInIndex = 0; path = Pods_instagramUITests.framework; sourceTree = BUILT_PRODUCTS_DIR; };
		93C2D477DDE6B8A9AFE11997 /* Pods-instagramTests.debug.xcconfig */ = {isa = PBXFileReference; includeInIndex = 1; lastKnownFileType = text.xcconfig; name = "Pods-instagramTests.debug.xcconfig"; path = "Pods/Target Support Files/Pods-instagramTests/Pods-instagramTests.debug.xcconfig"; sourceTree = "<group>"; };
		9AFB9574702350DFA29F154C /* Pods-instagramUITests.debug.xcconfig */ = {isa = PBXFileReference; includeInIndex = 1; lastKnownFileType = text.xcconfig; name = "Pods-instagramUITests.debug.xcconfig"; path = "Pods/Target Support Files/Pods-instagramUITests/Pods-instagramUITests.debug.xcconfig"; sourceTree = "<group>"; };
		B6E9925AA27A51BC77B0019F /* Pods_instagramTests.framework */ = {isa = PBXFileReference; explicitFileType = wrapper.framework; includeInIndex = 0; path = Pods_instagramTests.framework; sourceTree = BUILT_PRODUCTS_DIR; };
		CA8E138CB1B99E834C0A674B /* Pods-instagram.release.xcconfig */ = {isa = PBXFileReference; includeInIndex = 1; lastKnownFileType = text.xcconfig; name = "Pods-instagram.release.xcconfig"; path = "Pods/Target Support Files/Pods-instagram/Pods-instagram.release.xcconfig"; sourceTree = "<group>"; };
/* End PBXFileReference section */

/* Begin PBXFrameworksBuildPhase section */
		1E28E8D61F02F726009C7DED /* Frameworks */ = {
			isa = PBXFrameworksBuildPhase;
			buildActionMask = 2147483647;
			files = (
				D2149F4F016D124345489C98 /* Pods_instagram.framework in Frameworks */,
			);
			runOnlyForDeploymentPostprocessing = 0;
		};
		1E28E8EA1F02F726009C7DED /* Frameworks */ = {
			isa = PBXFrameworksBuildPhase;
			buildActionMask = 2147483647;
			files = (
				D718EF54E2E85BAF42C6E030 /* Pods_instagramTests.framework in Frameworks */,
			);
			runOnlyForDeploymentPostprocessing = 0;
		};
		1E28E8F51F02F726009C7DED /* Frameworks */ = {
			isa = PBXFrameworksBuildPhase;
			buildActionMask = 2147483647;
			files = (
				DEE63696A3D073220009FEA5 /* Pods_instagramUITests.framework in Frameworks */,
			);
			runOnlyForDeploymentPostprocessing = 0;
		};
/* End PBXFrameworksBuildPhase section */

/* Begin PBXGroup section */
		1E28E8D01F02F726009C7DED = {
			isa = PBXGroup;
			children = (
				1E28E8DB1F02F726009C7DED /* instagram */,
				1E28E8F01F02F726009C7DED /* instagramTests */,
				1E28E8FB1F02F726009C7DED /* instagramUITests */,
				1E28E8DA1F02F726009C7DED /* Products */,
				88FFC6586319BA98605862F4 /* Pods */,
				DD6A35A4BAE5BE0ED245ED25 /* Frameworks */,
			);
			sourceTree = "<group>";
		};
		1E28E8DA1F02F726009C7DED /* Products */ = {
			isa = PBXGroup;
			children = (
				1E28E8D91F02F726009C7DED /* instagram.app */,
				1E28E8ED1F02F726009C7DED /* instagramTests.xctest */,
				1E28E8F81F02F726009C7DED /* instagramUITests.xctest */,
			);
			name = Products;
			sourceTree = "<group>";
		};
		1E28E8DB1F02F726009C7DED /* instagram */ = {
			isa = PBXGroup;
			children = (
				1E28E8DC1F02F726009C7DED /* AppDelegate.swift */,
				1E28E8E01F02F726009C7DED /* Main.storyboard */,
				1E28E8E31F02F726009C7DED /* Assets.xcassets */,
				1E28E8E51F02F726009C7DED /* LaunchScreen.storyboard */,
				1E28E8E81F02F726009C7DED /* Info.plist */,
				1E28E90A1F030073009C7DED /* LoginViewController.swift */,
				1E28E90E1F03155C009C7DED /* FeedViewController.swift */,
				1E28E9101F0317CA009C7DED /* PhotoMapViewController.swift */,
				1E28E9121F03219A009C7DED /* Post.swift */,
				1E28E9141F032A88009C7DED /* ComposeViewController.swift */,
				1E28E9161F044A84009C7DED /* ProfileViewController.swift */,
				1E28E91A1F045337009C7DED /* PostCell.swift */,
				1E4855BD1F05A5CD0053D947 /* DetailViewController.swift */,
			);
			path = instagram;
			sourceTree = "<group>";
		};
		1E28E8F01F02F726009C7DED /* instagramTests */ = {
			isa = PBXGroup;
			children = (
				1E28E8F11F02F726009C7DED /* instagramTests.swift */,
				1E28E8F31F02F726009C7DED /* Info.plist */,
			);
			path = instagramTests;
			sourceTree = "<group>";
		};
		1E28E8FB1F02F726009C7DED /* instagramUITests */ = {
			isa = PBXGroup;
			children = (
				1E28E8FC1F02F726009C7DED /* instagramUITests.swift */,
				1E28E8FE1F02F726009C7DED /* Info.plist */,
			);
			path = instagramUITests;
			sourceTree = "<group>";
		};
		88FFC6586319BA98605862F4 /* Pods */ = {
			isa = PBXGroup;
			children = (
				80834AFD9F46205ECC99CA35 /* Pods-instagram.debug.xcconfig */,
				CA8E138CB1B99E834C0A674B /* Pods-instagram.release.xcconfig */,
				93C2D477DDE6B8A9AFE11997 /* Pods-instagramTests.debug.xcconfig */,
				4E73B43827163CEAACC5EB96 /* Pods-instagramTests.release.xcconfig */,
				9AFB9574702350DFA29F154C /* Pods-instagramUITests.debug.xcconfig */,
				1EC096DF04F7A117B292DB9D /* Pods-instagramUITests.release.xcconfig */,
			);
			name = Pods;
			sourceTree = "<group>";
		};
		DD6A35A4BAE5BE0ED245ED25 /* Frameworks */ = {
			isa = PBXGroup;
			children = (
				77A0A0E9760429B5B43DFA32 /* Pods_instagram.framework */,
				B6E9925AA27A51BC77B0019F /* Pods_instagramTests.framework */,
				8523811FBC49F7399B1076B9 /* Pods_instagramUITests.framework */,
			);
			name = Frameworks;
			sourceTree = "<group>";
		};
/* End PBXGroup section */

/* Begin PBXNativeTarget section */
		1E28E8D81F02F726009C7DED /* instagram */ = {
			isa = PBXNativeTarget;
			buildConfigurationList = 1E28E9011F02F726009C7DED /* Build configuration list for PBXNativeTarget "instagram" */;
			buildPhases = (
				0416620379479C6B23F5281C /* [CP] Check Pods Manifest.lock */,
				1E28E8D51F02F726009C7DED /* Sources */,
				1E28E8D61F02F726009C7DED /* Frameworks */,
				1E28E8D71F02F726009C7DED /* Resources */,
				4D4493C6BF0E262BA90AE4E5 /* [CP] Embed Pods Frameworks */,
				16A5F0D490179608CFD5E380 /* [CP] Copy Pods Resources */,
			);
			buildRules = (
			);
			dependencies = (
			);
			name = instagram;
			productName = instagram;
			productReference = 1E28E8D91F02F726009C7DED /* instagram.app */;
			productType = "com.apple.product-type.application";
		};
		1E28E8EC1F02F726009C7DED /* instagramTests */ = {
			isa = PBXNativeTarget;
			buildConfigurationList = 1E28E9041F02F726009C7DED /* Build configuration list for PBXNativeTarget "instagramTests" */;
			buildPhases = (
				98196F341281CB133C3D485D /* [CP] Check Pods Manifest.lock */,
				1E28E8E91F02F726009C7DED /* Sources */,
				1E28E8EA1F02F726009C7DED /* Frameworks */,
				1E28E8EB1F02F726009C7DED /* Resources */,
				3A2D21BFAB2E6EDB0F7B742A /* [CP] Embed Pods Frameworks */,
				54EE98C76A73CEE42940FD9B /* [CP] Copy Pods Resources */,
			);
			buildRules = (
			);
			dependencies = (
				1E28E8EF1F02F726009C7DED /* PBXTargetDependency */,
			);
			name = instagramTests;
			productName = instagramTests;
			productReference = 1E28E8ED1F02F726009C7DED /* instagramTests.xctest */;
			productType = "com.apple.product-type.bundle.unit-test";
		};
		1E28E8F71F02F726009C7DED /* instagramUITests */ = {
			isa = PBXNativeTarget;
			buildConfigurationList = 1E28E9071F02F726009C7DED /* Build configuration list for PBXNativeTarget "instagramUITests" */;
			buildPhases = (
				8DACCB6D00082ACAF1EB010B /* [CP] Check Pods Manifest.lock */,
				1E28E8F41F02F726009C7DED /* Sources */,
				1E28E8F51F02F726009C7DED /* Frameworks */,
				1E28E8F61F02F726009C7DED /* Resources */,
				17E2921412B7901C6F7E5F33 /* [CP] Embed Pods Frameworks */,
				4DF63EE9E458A2634C538DBD /* [CP] Copy Pods Resources */,
			);
			buildRules = (
			);
			dependencies = (
				1E28E8FA1F02F726009C7DED /* PBXTargetDependency */,
			);
			name = instagramUITests;
			productName = instagramUITests;
			productReference = 1E28E8F81F02F726009C7DED /* instagramUITests.xctest */;
			productType = "com.apple.product-type.bundle.ui-testing";
		};
/* End PBXNativeTarget section */

/* Begin PBXProject section */
		1E28E8D11F02F726009C7DED /* Project object */ = {
			isa = PBXProject;
			attributes = {
				LastSwiftUpdateCheck = 0830;
				LastUpgradeCheck = 0830;
				ORGANIZATIONNAME = "Cameryn Boyd";
				TargetAttributes = {
					1E28E8D81F02F726009C7DED = {
						CreatedOnToolsVersion = 8.3.2;
						ProvisioningStyle = Automatic;
					};
					1E28E8EC1F02F726009C7DED = {
						CreatedOnToolsVersion = 8.3.2;
						ProvisioningStyle = Automatic;
						TestTargetID = 1E28E8D81F02F726009C7DED;
					};
					1E28E8F71F02F726009C7DED = {
						CreatedOnToolsVersion = 8.3.2;
						ProvisioningStyle = Automatic;
						TestTargetID = 1E28E8D81F02F726009C7DED;
					};
				};
			};
			buildConfigurationList = 1E28E8D41F02F726009C7DED /* Build configuration list for PBXProject "instagram" */;
			compatibilityVersion = "Xcode 3.2";
			developmentRegion = English;
			hasScannedForEncodings = 0;
			knownRegions = (
				en,
				Base,
			);
			mainGroup = 1E28E8D01F02F726009C7DED;
			productRefGroup = 1E28E8DA1F02F726009C7DED /* Products */;
			projectDirPath = "";
			projectRoot = "";
			targets = (
				1E28E8D81F02F726009C7DED /* instagram */,
				1E28E8EC1F02F726009C7DED /* instagramTests */,
				1E28E8F71F02F726009C7DED /* instagramUITests */,
			);
		};
/* End PBXProject section */

/* Begin PBXResourcesBuildPhase section */
		1E28E8D71F02F726009C7DED /* Resources */ = {
			isa = PBXResourcesBuildPhase;
			buildActionMask = 2147483647;
			files = (
				1E28E8E71F02F726009C7DED /* LaunchScreen.storyboard in Resources */,
				1E28E8E41F02F726009C7DED /* Assets.xcassets in Resources */,
				1E28E8E21F02F726009C7DED /* Main.storyboard in Resources */,
			);
			runOnlyForDeploymentPostprocessing = 0;
		};
		1E28E8EB1F02F726009C7DED /* Resources */ = {
			isa = PBXResourcesBuildPhase;
			buildActionMask = 2147483647;
			files = (
			);
			runOnlyForDeploymentPostprocessing = 0;
		};
		1E28E8F61F02F726009C7DED /* Resources */ = {
			isa = PBXResourcesBuildPhase;
			buildActionMask = 2147483647;
			files = (
			);
			runOnlyForDeploymentPostprocessing = 0;
		};
/* End PBXResourcesBuildPhase section */

/* Begin PBXShellScriptBuildPhase section */
		0416620379479C6B23F5281C /* [CP] Check Pods Manifest.lock */ = {
			isa = PBXShellScriptBuildPhase;
			buildActionMask = 2147483647;
			files = (
			);
			inputPaths = (
			);
			name = "[CP] Check Pods Manifest.lock";
			outputPaths = (
			);
			runOnlyForDeploymentPostprocessing = 0;
			shellPath = /bin/sh;
			shellScript = "diff \"${PODS_PODFILE_DIR_PATH}/Podfile.lock\" \"${PODS_ROOT}/Manifest.lock\" > /dev/null\nif [ $? != 0 ] ; then\n    # print error to STDERR\n    echo \"error: The sandbox is not in sync with the Podfile.lock. Run 'pod install' or update your CocoaPods installation.\" >&2\n    exit 1\nfi\n";
			showEnvVarsInLog = 0;
		};
		16A5F0D490179608CFD5E380 /* [CP] Copy Pods Resources */ = {
			isa = PBXShellScriptBuildPhase;
			buildActionMask = 2147483647;
			files = (
			);
			inputPaths = (
			);
			name = "[CP] Copy Pods Resources";
			outputPaths = (
			);
			runOnlyForDeploymentPostprocessing = 0;
			shellPath = /bin/sh;
			shellScript = "\"${SRCROOT}/Pods/Target Support Files/Pods-instagram/Pods-instagram-resources.sh\"\n";
			showEnvVarsInLog = 0;
		};
		17E2921412B7901C6F7E5F33 /* [CP] Embed Pods Frameworks */ = {
			isa = PBXShellScriptBuildPhase;
			buildActionMask = 2147483647;
			files = (
			);
			inputPaths = (
			);
			name = "[CP] Embed Pods Frameworks";
			outputPaths = (
			);
			runOnlyForDeploymentPostprocessing = 0;
			shellPath = /bin/sh;
			shellScript = "\"${SRCROOT}/Pods/Target Support Files/Pods-instagramUITests/Pods-instagramUITests-frameworks.sh\"\n";
			showEnvVarsInLog = 0;
		};
		3A2D21BFAB2E6EDB0F7B742A /* [CP] Embed Pods Frameworks */ = {
			isa = PBXShellScriptBuildPhase;
			buildActionMask = 2147483647;
			files = (
			);
			inputPaths = (
			);
			name = "[CP] Embed Pods Frameworks";
			outputPaths = (
			);
			runOnlyForDeploymentPostprocessing = 0;
			shellPath = /bin/sh;
			shellScript = "\"${SRCROOT}/Pods/Target Support Files/Pods-instagramTests/Pods-instagramTests-frameworks.sh\"\n";
			showEnvVarsInLog = 0;
		};
		4D4493C6BF0E262BA90AE4E5 /* [CP] Embed Pods Frameworks */ = {
			isa = PBXShellScriptBuildPhase;
			buildActionMask = 2147483647;
			files = (
			);
			inputPaths = (
			);
			name = "[CP] Embed Pods Frameworks";
			outputPaths = (
			);
			runOnlyForDeploymentPostprocessing = 0;
			shellPath = /bin/sh;
			shellScript = "\"${SRCROOT}/Pods/Target Support Files/Pods-instagram/Pods-instagram-frameworks.sh\"\n";
			showEnvVarsInLog = 0;
		};
		4DF63EE9E458A2634C538DBD /* [CP] Copy Pods Resources */ = {
			isa = PBXShellScriptBuildPhase;
			buildActionMask = 2147483647;
			files = (
			);
			inputPaths = (
			);
			name = "[CP] Copy Pods Resources";
			outputPaths = (
			);
			runOnlyForDeploymentPostprocessing = 0;
			shellPath = /bin/sh;
			shellScript = "\"${SRCROOT}/Pods/Target Support Files/Pods-instagramUITests/Pods-instagramUITests-resources.sh\"\n";
			showEnvVarsInLog = 0;
		};
		54EE98C76A73CEE42940FD9B /* [CP] Copy Pods Resources */ = {
			isa = PBXShellScriptBuildPhase;
			buildActionMask = 2147483647;
			files = (
			);
			inputPaths = (
			);
			name = "[CP] Copy Pods Resources";
			outputPaths = (
			);
			runOnlyForDeploymentPostprocessing = 0;
			shellPath = /bin/sh;
			shellScript = "\"${SRCROOT}/Pods/Target Support Files/Pods-instagramTests/Pods-instagramTests-resources.sh\"\n";
			showEnvVarsInLog = 0;
		};
		8DACCB6D00082ACAF1EB010B /* [CP] Check Pods Manifest.lock */ = {
			isa = PBXShellScriptBuildPhase;
			buildActionMask = 2147483647;
			files = (
			);
			inputPaths = (
			);
			name = "[CP] Check Pods Manifest.lock";
			outputPaths = (
			);
			runOnlyForDeploymentPostprocessing = 0;
			shellPath = /bin/sh;
			shellScript = "diff \"${PODS_PODFILE_DIR_PATH}/Podfile.lock\" \"${PODS_ROOT}/Manifest.lock\" > /dev/null\nif [ $? != 0 ] ; then\n    # print error to STDERR\n    echo \"error: The sandbox is not in sync with the Podfile.lock. Run 'pod install' or update your CocoaPods installation.\" >&2\n    exit 1\nfi\n";
			showEnvVarsInLog = 0;
		};
		98196F341281CB133C3D485D /* [CP] Check Pods Manifest.lock */ = {
			isa = PBXShellScriptBuildPhase;
			buildActionMask = 2147483647;
			files = (
			);
			inputPaths = (
			);
			name = "[CP] Check Pods Manifest.lock";
			outputPaths = (
			);
			runOnlyForDeploymentPostprocessing = 0;
			shellPath = /bin/sh;
			shellScript = "diff \"${PODS_PODFILE_DIR_PATH}/Podfile.lock\" \"${PODS_ROOT}/Manifest.lock\" > /dev/null\nif [ $? != 0 ] ; then\n    # print error to STDERR\n    echo \"error: The sandbox is not in sync with the Podfile.lock. Run 'pod install' or update your CocoaPods installation.\" >&2\n    exit 1\nfi\n";
			showEnvVarsInLog = 0;
		};
/* End PBXShellScriptBuildPhase section */

/* Begin PBXSourcesBuildPhase section */
		1E28E8D51F02F726009C7DED /* Sources */ = {
			isa = PBXSourcesBuildPhase;
			buildActionMask = 2147483647;
			files = (
				1E4855BE1F05A5CD0053D947 /* DetailViewController.swift in Sources */,
				1E28E9111F0317CA009C7DED /* PhotoMapViewController.swift in Sources */,
				1E28E90B1F030073009C7DED /* LoginViewController.swift in Sources */,
				1E28E9131F03219A009C7DED /* Post.swift in Sources */,
				1E28E90F1F03155C009C7DED /* FeedViewController.swift in Sources */,
				1E28E91B1F045337009C7DED /* PostCell.swift in Sources */,
				1E28E8DD1F02F726009C7DED /* AppDelegate.swift in Sources */,
				1E28E9171F044A84009C7DED /* ProfileViewController.swift in Sources */,
				1E28E9151F032A88009C7DED /* ComposeViewController.swift in Sources */,
			);
			runOnlyForDeploymentPostprocessing = 0;
		};
		1E28E8E91F02F726009C7DED /* Sources */ = {
			isa = PBXSourcesBuildPhase;
			buildActionMask = 2147483647;
			files = (
				1E28E8F21F02F726009C7DED /* instagramTests.swift in Sources */,
			);
			runOnlyForDeploymentPostprocessing = 0;
		};
		1E28E8F41F02F726009C7DED /* Sources */ = {
			isa = PBXSourcesBuildPhase;
			buildActionMask = 2147483647;
			files = (
				1E28E8FD1F02F726009C7DED /* instagramUITests.swift in Sources */,
			);
			runOnlyForDeploymentPostprocessing = 0;
		};
/* End PBXSourcesBuildPhase section */

/* Begin PBXTargetDependency section */
		1E28E8EF1F02F726009C7DED /* PBXTargetDependency */ = {
			isa = PBXTargetDependency;
			target = 1E28E8D81F02F726009C7DED /* instagram */;
			targetProxy = 1E28E8EE1F02F726009C7DED /* PBXContainerItemProxy */;
		};
		1E28E8FA1F02F726009C7DED /* PBXTargetDependency */ = {
			isa = PBXTargetDependency;
			target = 1E28E8D81F02F726009C7DED /* instagram */;
			targetProxy = 1E28E8F91F02F726009C7DED /* PBXContainerItemProxy */;
		};
/* End PBXTargetDependency section */

/* Begin PBXVariantGroup section */
		1E28E8E01F02F726009C7DED /* Main.storyboard */ = {
			isa = PBXVariantGroup;
			children = (
				1E28E8E11F02F726009C7DED /* Base */,
			);
			name = Main.storyboard;
			sourceTree = "<group>";
		};
		1E28E8E51F02F726009C7DED /* LaunchScreen.storyboard */ = {
			isa = PBXVariantGroup;
			children = (
				1E28E8E61F02F726009C7DED /* Base */,
			);
			name = LaunchScreen.storyboard;
			sourceTree = "<group>";
		};
/* End PBXVariantGroup section */

/* Begin XCBuildConfiguration section */
		1E28E8FF1F02F726009C7DED /* Debug */ = {
			isa = XCBuildConfiguration;
			buildSettings = {
				ALWAYS_SEARCH_USER_PATHS = NO;
				CLANG_ANALYZER_NONNULL = YES;
				CLANG_ANALYZER_NUMBER_OBJECT_CONVERSION = YES_AGGRESSIVE;
				CLANG_CXX_LANGUAGE_STANDARD = "gnu++0x";
				CLANG_CXX_LIBRARY = "libc++";
				CLANG_ENABLE_MODULES = YES;
				CLANG_ENABLE_OBJC_ARC = YES;
				CLANG_WARN_BOOL_CONVERSION = YES;
				CLANG_WARN_CONSTANT_CONVERSION = YES;
				CLANG_WARN_DIRECT_OBJC_ISA_USAGE = YES_ERROR;
				CLANG_WARN_DOCUMENTATION_COMMENTS = YES;
				CLANG_WARN_EMPTY_BODY = YES;
				CLANG_WARN_ENUM_CONVERSION = YES;
				CLANG_WARN_INFINITE_RECURSION = YES;
				CLANG_WARN_INT_CONVERSION = YES;
				CLANG_WARN_OBJC_ROOT_CLASS = YES_ERROR;
				CLANG_WARN_SUSPICIOUS_MOVE = YES;
				CLANG_WARN_UNREACHABLE_CODE = YES;
				CLANG_WARN__DUPLICATE_METHOD_MATCH = YES;
				"CODE_SIGN_IDENTITY[sdk=iphoneos*]" = "iPhone Developer";
				COPY_PHASE_STRIP = NO;
				DEBUG_INFORMATION_FORMAT = dwarf;
				ENABLE_STRICT_OBJC_MSGSEND = YES;
				ENABLE_TESTABILITY = YES;
				GCC_C_LANGUAGE_STANDARD = gnu99;
				GCC_DYNAMIC_NO_PIC = NO;
				GCC_NO_COMMON_BLOCKS = YES;
				GCC_OPTIMIZATION_LEVEL = 0;
				GCC_PREPROCESSOR_DEFINITIONS = (
					"DEBUG=1",
					"$(inherited)",
				);
				GCC_WARN_64_TO_32_BIT_CONVERSION = YES;
				GCC_WARN_ABOUT_RETURN_TYPE = YES_ERROR;
				GCC_WARN_UNDECLARED_SELECTOR = YES;
				GCC_WARN_UNINITIALIZED_AUTOS = YES_AGGRESSIVE;
				GCC_WARN_UNUSED_FUNCTION = YES;
				GCC_WARN_UNUSED_VARIABLE = YES;
				IPHONEOS_DEPLOYMENT_TARGET = 10.3;
				MTL_ENABLE_DEBUG_INFO = YES;
				ONLY_ACTIVE_ARCH = YES;
				SDKROOT = iphoneos;
				SWIFT_ACTIVE_COMPILATION_CONDITIONS = DEBUG;
				SWIFT_OPTIMIZATION_LEVEL = "-Onone";
			};
			name = Debug;
		};
		1E28E9001F02F726009C7DED /* Release */ = {
			isa = XCBuildConfiguration;
			buildSettings = {
				ALWAYS_SEARCH_USER_PATHS = NO;
				CLANG_ANALYZER_NONNULL = YES;
				CLANG_ANALYZER_NUMBER_OBJECT_CONVERSION = YES_AGGRESSIVE;
				CLANG_CXX_LANGUAGE_STANDARD = "gnu++0x";
				CLANG_CXX_LIBRARY = "libc++";
				CLANG_ENABLE_MODULES = YES;
				CLANG_ENABLE_OBJC_ARC = YES;
				CLANG_WARN_BOOL_CONVERSION = YES;
				CLANG_WARN_CONSTANT_CONVERSION = YES;
				CLANG_WARN_DIRECT_OBJC_ISA_USAGE = YES_ERROR;
				CLANG_WARN_DOCUMENTATION_COMMENTS = YES;
				CLANG_WARN_EMPTY_BODY = YES;
				CLANG_WARN_ENUM_CONVERSION = YES;
				CLANG_WARN_INFINITE_RECURSION = YES;
				CLANG_WARN_INT_CONVERSION = YES;
				CLANG_WARN_OBJC_ROOT_CLASS = YES_ERROR;
				CLANG_WARN_SUSPICIOUS_MOVE = YES;
				CLANG_WARN_UNREACHABLE_CODE = YES;
				CLANG_WARN__DUPLICATE_METHOD_MATCH = YES;
				"CODE_SIGN_IDENTITY[sdk=iphoneos*]" = "iPhone Developer";
				COPY_PHASE_STRIP = NO;
				DEBUG_INFORMATION_FORMAT = "dwarf-with-dsym";
				ENABLE_NS_ASSERTIONS = NO;
				ENABLE_STRICT_OBJC_MSGSEND = YES;
				GCC_C_LANGUAGE_STANDARD = gnu99;
				GCC_NO_COMMON_BLOCKS = YES;
				GCC_WARN_64_TO_32_BIT_CONVERSION = YES;
				GCC_WARN_ABOUT_RETURN_TYPE = YES_ERROR;
				GCC_WARN_UNDECLARED_SELECTOR = YES;
				GCC_WARN_UNINITIALIZED_AUTOS = YES_AGGRESSIVE;
				GCC_WARN_UNUSED_FUNCTION = YES;
				GCC_WARN_UNUSED_VARIABLE = YES;
				IPHONEOS_DEPLOYMENT_TARGET = 10.3;
				MTL_ENABLE_DEBUG_INFO = NO;
				SDKROOT = iphoneos;
				SWIFT_OPTIMIZATION_LEVEL = "-Owholemodule";
				VALIDATE_PRODUCT = YES;
			};
			name = Release;
		};
		1E28E9021F02F726009C7DED /* Debug */ = {
			isa = XCBuildConfiguration;
			baseConfigurationReference = 80834AFD9F46205ECC99CA35 /* Pods-instagram.debug.xcconfig */;
			buildSettings = {
				ASSETCATALOG_COMPILER_APPICON_NAME = AppIcon;
				INFOPLIST_FILE = instagram/Info.plist;
				LD_RUNPATH_SEARCH_PATHS = "$(inherited) @executable_path/Frameworks";
				PRODUCT_BUNDLE_IDENTIFIER = fb.instagram;
				PRODUCT_NAME = "$(TARGET_NAME)";
				SWIFT_VERSION = 3.0;
			};
			name = Debug;
		};
		1E28E9031F02F726009C7DED /* Release */ = {
			isa = XCBuildConfiguration;
			baseConfigurationReference = CA8E138CB1B99E834C0A674B /* Pods-instagram.release.xcconfig */;
			buildSettings = {
				ASSETCATALOG_COMPILER_APPICON_NAME = AppIcon;
				INFOPLIST_FILE = instagram/Info.plist;
				LD_RUNPATH_SEARCH_PATHS = "$(inherited) @executable_path/Frameworks";
				PRODUCT_BUNDLE_IDENTIFIER = fb.instagram;
				PRODUCT_NAME = "$(TARGET_NAME)";
				SWIFT_VERSION = 3.0;
			};
			name = Release;
		};
		1E28E9051F02F726009C7DED /* Debug */ = {
			isa = XCBuildConfiguration;
			baseConfigurationReference = 93C2D477DDE6B8A9AFE11997 /* Pods-instagramTests.debug.xcconfig */;
			buildSettings = {
				ALWAYS_EMBED_SWIFT_STANDARD_LIBRARIES = YES;
				BUNDLE_LOADER = "$(TEST_HOST)";
				INFOPLIST_FILE = instagramTests/Info.plist;
				LD_RUNPATH_SEARCH_PATHS = "$(inherited) @executable_path/Frameworks @loader_path/Frameworks";
				PRODUCT_BUNDLE_IDENTIFIER = fb.instagramTests;
				PRODUCT_NAME = "$(TARGET_NAME)";
				SWIFT_VERSION = 3.0;
				TEST_HOST = "$(BUILT_PRODUCTS_DIR)/instagram.app/instagram";
			};
			name = Debug;
		};
		1E28E9061F02F726009C7DED /* Release */ = {
			isa = XCBuildConfiguration;
			baseConfigurationReference = 4E73B43827163CEAACC5EB96 /* Pods-instagramTests.release.xcconfig */;
			buildSettings = {
				ALWAYS_EMBED_SWIFT_STANDARD_LIBRARIES = YES;
				BUNDLE_LOADER = "$(TEST_HOST)";
				INFOPLIST_FILE = instagramTests/Info.plist;
				LD_RUNPATH_SEARCH_PATHS = "$(inherited) @executable_path/Frameworks @loader_path/Frameworks";
				PRODUCT_BUNDLE_IDENTIFIER = fb.instagramTests;
				PRODUCT_NAME = "$(TARGET_NAME)";
				SWIFT_VERSION = 3.0;
				TEST_HOST = "$(BUILT_PRODUCTS_DIR)/instagram.app/instagram";
			};
			name = Release;
		};
		1E28E9081F02F726009C7DED /* Debug */ = {
			isa = XCBuildConfiguration;
			baseConfigurationReference = 9AFB9574702350DFA29F154C /* Pods-instagramUITests.debug.xcconfig */;
			buildSettings = {
				ALWAYS_EMBED_SWIFT_STANDARD_LIBRARIES = YES;
				INFOPLIST_FILE = instagramUITests/Info.plist;
				LD_RUNPATH_SEARCH_PATHS = "$(inherited) @executable_path/Frameworks @loader_path/Frameworks";
				PRODUCT_BUNDLE_IDENTIFIER = fb.instagramUITests;
				PRODUCT_NAME = "$(TARGET_NAME)";
				SWIFT_VERSION = 3.0;
				TEST_TARGET_NAME = instagram;
			};
			name = Debug;
		};
		1E28E9091F02F726009C7DED /* Release */ = {
			isa = XCBuildConfiguration;
			baseConfigurationReference = 1EC096DF04F7A117B292DB9D /* Pods-instagramUITests.release.xcconfig */;
			buildSettings = {
				ALWAYS_EMBED_SWIFT_STANDARD_LIBRARIES = YES;
				INFOPLIST_FILE = instagramUITests/Info.plist;
				LD_RUNPATH_SEARCH_PATHS = "$(inherited) @executable_path/Frameworks @loader_path/Frameworks";
				PRODUCT_BUNDLE_IDENTIFIER = fb.instagramUITests;
				PRODUCT_NAME = "$(TARGET_NAME)";
				SWIFT_VERSION = 3.0;
				TEST_TARGET_NAME = instagram;
			};
			name = Release;
		};
/* End XCBuildConfiguration section */

/* Begin XCConfigurationList section */
		1E28E8D41F02F726009C7DED /* Build configuration list for PBXProject "instagram" */ = {
			isa = XCConfigurationList;
			buildConfigurations = (
				1E28E8FF1F02F726009C7DED /* Debug */,
				1E28E9001F02F726009C7DED /* Release */,
			);
			defaultConfigurationIsVisible = 0;
			defaultConfigurationName = Release;
		};
		1E28E9011F02F726009C7DED /* Build configuration list for PBXNativeTarget "instagram" */ = {
			isa = XCConfigurationList;
			buildConfigurations = (
				1E28E9021F02F726009C7DED /* Debug */,
				1E28E9031F02F726009C7DED /* Release */,
			);
			defaultConfigurationIsVisible = 0;
			defaultConfigurationName = Release;
		};
		1E28E9041F02F726009C7DED /* Build configuration list for PBXNativeTarget "instagramTests" */ = {
			isa = XCConfigurationList;
			buildConfigurations = (
				1E28E9051F02F726009C7DED /* Debug */,
				1E28E9061F02F726009C7DED /* Release */,
			);
			defaultConfigurationIsVisible = 0;
			defaultConfigurationName = Release;
		};
		1E28E9071F02F726009C7DED /* Build configuration list for PBXNativeTarget "instagramUITests" */ = {
			isa = XCConfigurationList;
			buildConfigurations = (
				1E28E9081F02F726009C7DED /* Debug */,
				1E28E9091F02F726009C7DED /* Release */,
			);
			defaultConfigurationIsVisible = 0;
			defaultConfigurationName = Release;
		};
/* End XCConfigurationList section */
	};
	rootObject = 1E28E8D11F02F726009C7DED /* Project object */;
}
